
Microsoft Visual Studio Solution File, Format Version 12.00
# Visual Studio Version 16
VisualStudioVersion = 16.0.30517.126
MinimumVisualStudioVersion = 10.0.40219.1
Project("{FAE04EC0-301F-11D3-BF4B-00C04F79EFBC}") = "DoeduSam", "DoeduSam\DoeduSam.csproj", "{1E68F852-F9A3-4F8C-809B-5312BCE93452}"
EndProject
Project("{FAE04EC0-301F-11D3-BF4B-00C04F79EFBC}") = "CompanyCoreLib", "CompanyCoreLib\CompanyCoreLib.csproj", "{CFB06E25-B433-450F-BC98-C8893FAB72F5}"
EndProject
Project("{FAE04EC0-301F-11D3-BF4B-00C04F79EFBC}") = "CompanyCoreLib.Tests", "CompanyCoreLib.Tests\CompanyCoreLib.Tests.csproj", "{DB101C35-AB78-4A07-838F-8ECF2208257E}"
EndProject
Global
	GlobalSection(SolutionConfigurationPlatforms) = preSolution
		Debug|Any CPU = Debug|Any CPU
		Release|Any CPU = Release|Any CPU
	EndGlobalSection
	GlobalSection(ProjectConfigurationPlatforms) = postSolution
		{1E68F852-F9A3-4F8C-809B-5312BCE93452}.Debug|Any CPU.ActiveCfg = Debug|Any CPU
		{1E68F852-F9A3-4F8C-809B-5312BCE93452}.Debug|Any CPU.Build.0 = Debug|Any CPU
		{1E68F852-F9A3-4F8C-809B-5312BCE93452}.Release|Any CPU.ActiveCfg = Release|Any CPU
		{1E68F852-F9A3-4F8C-809B-5312BCE93452}.Release|Any CPU.Build.0 = Release|Any CPU
		{CFB06E25-B433-450F-BC98-C8893FAB72F5}.Debug|Any CPU.ActiveCfg = Debug|Any CPU
		{CFB06E25-B433-450F-BC98-C8893FAB72F5}.Debug|Any CPU.Build.0 = Debug|Any CPU
		{CFB06E25-B433-450F-BC98-C8893FAB72F5}.Release|Any CPU.ActiveCfg = Release|Any CPU
		{CFB06E25-B433-450F-BC98-C8893FAB72F5}.Release|Any CPU.Build.0 = Release|Any CPU
		{DB101C35-AB78-4A07-838F-8ECF2208257E}.Debug|Any CPU.ActiveCfg = Debug|Any CPU
		{DB101C35-AB78-4A07-838F-8ECF2208257E}.Debug|Any CPU.Build.0 = Debug|Any CPU
		{DB101C35-AB78-4A07-838F-8ECF2208257E}.Release|Any CPU.ActiveCfg = Release|Any CPU
		{DB101C35-AB78-4A07-838F-8ECF2208257E}.Release|Any CPU.Build.0 = Release|Any CPU
	EndGlobalSection
	GlobalSection(SolutionProperties) = preSolution
		HideSolutionNode = FALSE
	EndGlobalSection
	GlobalSection(ExtensibilityGlobals) = postSolution
		SolutionGuid = {A4B05282-61CB-445D-B52D-21843C107077}
	EndGlobalSection
EndGlobal
